github.com/luismesas/go-rpi v1.0.2 h1:qbtmG/pFgPtr7BiB1tR4O+5ODwBldBPoHuHDctQjnU8=
github.com/luismesas/go-rpi v1.0.2/go.mod h1:X5HClL0mGP2US8C2ISmJStxOW6WPSvmVDrnP9zNGthg=
github.com/luismesas/goPi v1.0.2 h1:JOtDgbru2ORpYQT2Ot0UwIBQMyxw84/bBlO7rkP2XhI=
github.com/luismesas/goPi v1.0.2/go.mod h1:uKBSNIiXHmmA1vNzKnlDt79VzpGygJ3XMWwhPuWH/F8=
